
Microsoft Visual Studio Solution File, Format Version 12.00
Project("{FAE04EC0-301F-11D3-BF4B-00C04F79EFBC}") = "VideoExamples", "VideoExamples\VideoExamples.csproj", "{985317CD-BD29-4C44-BD72-4E0737C89C6F}"
EndProject
Project("{FAE04EC0-301F-11D3-BF4B-00C04F79EFBC}") = "QueryExamples", "QueryExamples\QueryExamples.csproj", "{2E1838C3-B524-4099-9581-8DB264BE36B9}"
EndProject
Global
	GlobalSection(SolutionConfigurationPlatforms) = preSolution
		Debug|Any CPU = Debug|Any CPU
		Release|Any CPU = Release|Any CPU
	EndGlobalSection
	GlobalSection(ProjectConfigurationPlatforms) = postSolution
		{985317CD-BD29-4C44-BD72-4E0737C89C6F}.Debug|Any CPU.ActiveCfg = Debug|Any CPU
		{985317CD-BD29-4C44-BD72-4E0737C89C6F}.Debug|Any CPU.Build.0 = Debug|Any CPU
		{985317CD-BD29-4C44-BD72-4E0737C89C6F}.Release|Any CPU.ActiveCfg = Release|Any CPU
		{985317CD-BD29-4C44-BD72-4E0737C89C6F}.Release|Any CPU.Build.0 = Release|Any CPU
		{2E1838C3-B524-4099-9581-8DB264BE36B9}.Debug|Any CPU.ActiveCfg = Debug|Any CPU
		{2E1838C3-B524-4099-9581-8DB264BE36B9}.Debug|Any CPU.Build.0 = Debug|Any CPU
		{2E1838C3-B524-4099-9581-8DB264BE36B9}.Release|Any CPU.ActiveCfg = Release|Any CPU
		{2E1838C3-B524-4099-9581-8DB264BE36B9}.Release|Any CPU.Build.0 = Release|Any CPU
	EndGlobalSection
EndGlobal
